
Microsoft Visual Studio Solution File, Format Version 12.00
# Visual Studio Version 16
VisualStudioVersion = 16.0.29411.108
MinimumVisualStudioVersion = 10.0.40219.1
Project("{8BC9CEB8-8B4A-11D0-8D11-00A0C91BC942}") = "CriticalPath", "CriticalPath\CriticalPath.vcxproj", "{CA878BD5-635E-46DF-BD80-F7E20BD77ADE}"
EndProject
Global
	GlobalSection(SolutionConfigurationPlatforms) = preSolution
		Debug|x64 = Debug|x64
		Debug|x86 = Debug|x86
		Release|x64 = Release|x64
		Release|x86 = Release|x86
	EndGlobalSection
	GlobalSection(ProjectConfigurationPlatforms) = postSolution
		{CA878BD5-635E-46DF-BD80-F7E20BD77ADE}.Debug|x64.ActiveCfg = Debug|x64
		{CA878BD5-635E-46DF-BD80-F7E20BD77ADE}.Debug|x64.Build.0 = Debug|x64
		{CA878BD5-635E-46DF-BD80-F7E20BD77ADE}.Debug|x86.ActiveCfg = Debug|Win32
		{CA878BD5-635E-46DF-BD80-F7E20BD77ADE}.Debug|x86.Build.0 = Debug|Win32
		{CA878BD5-635E-46DF-BD80-F7E20BD77ADE}.Release|x64.ActiveCfg = Release|x64
		{CA878BD5-635E-46DF-BD80-F7E20BD77ADE}.Release|x64.Build.0 = Release|x64
		{CA878BD5-635E-46DF-BD80-F7E20BD77ADE}.Release|x86.ActiveCfg = Release|Win32
		{CA878BD5-635E-46DF-BD80-F7E20BD77ADE}.Release|x86.Build.0 = Release|Win32
	EndGlobalSection
	GlobalSection(SolutionProperties) = preSolution
		HideSolutionNode = FALSE
	EndGlobalSection
	GlobalSection(ExtensibilityGlobals) = postSolution
		SolutionGuid = {4070E707-B9E1-4B89-99E1-6A2F02CB9F3E}
	EndGlobalSection
EndGlobal
